# THIS IS AN AUTOGENERATED FILE. DO NOT EDIT THIS FILE DIRECTLY.
# yarn lockfile v1


"@types/node@18.x":
  version "18.16.5"
  resolved "http://localhost:4873/@types/node/-/node-18.16.5.tgz#bf64e42719dc2e74da24709a2e1c0b50a966120a"
  integrity sha512-seOA34WMo9KB+UA78qaJoCO20RJzZGVXQ5Sh6FWu0g/hfT44nKXnej3/tCQl7FL97idFpBhisLYCTB50S0EirA==

cli-argument-helper@0.x:
  version "0.0.6"
  resolved "http://localhost:4873/cli-argument-helper/-/cli-argument-helper-0.0.6.tgz#c81400c623cb4ff7162c321a2fb9c59a203416c4"
  integrity sha512-EDmIe5ErRyBvPW5dUKKqI2jDYiOlrwx4USDtWz9ERmDqewSj8YdhXLvuPo7oUQSkKbb4aFgTnk7LkGgPoHDtkQ==

crc@4.x:
  version "4.3.2"
  resolved "http://localhost:4873/crc/-/crc-4.3.2.tgz#49b7821cbf2cf61dfd079ed93863bbebd5469b9a"
  integrity sha512-uGDHf4KLLh2zsHa8D8hIQ1H/HtFQhyHrc0uhHBcoKGol/Xnb+MPYfUMw7cvON6ze/GUESTudKayDcJC5HnJv1A==

jsbuffer@^0.0.33:
  version "0.0.33"
  resolved "http://localhost:4873/jsbuffer/-/jsbuffer-0.0.33.tgz#f6cb59fb8d7f3dfe233a24ce66394043e5cb9b64"
  integrity sha512-sa9PibMNlnsh0S2GeriIdg6pM/mOBmRdzoU2A4ba3xSN7OwB+6Z9fwJjRVHAcFlcynnCnymJAN3oPPT593JmDg==
  dependencies:
    cli-argument-helper "0.x"
    crc "4.x"
    long "5.x"
    textstreamjs "0.x"

long@5.x:
  version "5.2.3"
  resolved "http://localhost:4873/long/-/long-5.2.3.tgz#a3ba97f3877cf1d778eccbcb048525ebb77499e1"
  integrity sha512-lcHwpNoggQTObv5apGNCTdJrO69eHOZMi4BNC+rTLER8iHAqGrUVeLh/irVIM7zTw2bOXA8T6uNPeujwOLg/2Q==

textstreamjs@0.x:
  version "0.0.4"
  resolved "http://localhost:4873/textstreamjs/-/textstreamjs-0.0.4.tgz#9b879fb7b950c845215cacdf08ee6458f65f7fd2"
  integrity sha512-kp2S5F1IAceUgtYmHvENzDbPSLlNTBw9REAz3QOCEm08Q7rGsu/4zf6sw0dfAlB3nT61oBtVB6S4AYweVspzUg==

typescript@5.x:
  version "5.0.4"
  resolved "http://localhost:4873/typescript/-/typescript-5.0.4.tgz#b217fd20119bd61a94d4011274e0ab369058da3b"
  integrity sha512-cW9T5W9xY37cc+jfEnaUvX91foxtHkza3Nw3wkoF4sSlKn0MONdkdEndig/qPBWXNkmplh3NzayQzCiHM4/hqw==
